
Microsoft Visual Studio Solution File, Format Version 12.00
# Visual Studio Version 17
VisualStudioVersion = 17.0.31903.59
MinimumVisualStudioVersion = 10.0.40219.1
Project("{2150E333-8FDC-42A3-9474-1A3956D46DE8}") = "About", "About", "{02EA681E-C7D8-13C7-8484-4AC65E1B71E8}"
	ProjectSection(SolutionItems) = preProject
		Entities.txt = Entities.txt
		Functions.txt = Functions.txt
	EndProjectSection
EndProject
Project("{2150E333-8FDC-42A3-9474-1A3956D46DE8}") = "Solution Items", "Solution Items", "{58970F6A-D229-47C2-A61C-E1286262DBB6}"
	ProjectSection(SolutionItems) = preProject
		.editorconfig = .editorconfig
		minio.yaml = minio.yaml
		postgres.yaml = postgres.yaml
		redis.yaml = redis.yaml
	EndProjectSection
EndProject
Project("{2150E333-8FDC-42A3-9474-1A3956D46DE8}") = "src", "src", "{8EBA53F2-5984-4340-930C-90F3E43DA2E5}"
EndProject
Project("{FAE04EC0-301F-11D3-BF4B-00C04F79EFBC}") = "OnlineJobPortal.Data", "OnlineJobPortal.Data\OnlineJobPortal.Data.csproj", "{FDDC3084-07BA-4D37-8F89-AA78F57262C8}"
EndProject
Project("{FAE04EC0-301F-11D3-BF4B-00C04F79EFBC}") = "OnlineJobPortal.Api", "OnlineJobPortal.Api\OnlineJobPortal.Api.csproj", "{C5F0918B-5F11-4D17-8418-3C7D61DEB19B}"
EndProject
Project("{FAE04EC0-301F-11D3-BF4B-00C04F79EFBC}") = "OnlineJobPortal.Common", "OnlineJobPortal.Common\OnlineJobPortal.Common.csproj", "{11425033-2261-45DF-854C-B5F28656F26D}"
EndProject
Project("{FAE04EC0-301F-11D3-BF4B-00C04F79EFBC}") = "OnlineJobPortal.Service", "OnlineJobPortal.Service\OnlineJobPortal.Service.csproj", "{F79BAB53-2990-4A41-B526-E109A37AADE5}"
EndProject
Project("{2150E333-8FDC-42A3-9474-1A3956D46DE8}") = "Tests", "Tests", "{10CDFF92-D32D-4ED6-A3C9-05B86DA0223E}"
EndProject
Project("{FAE04EC0-301F-11D3-BF4B-00C04F79EFBC}") = "TestProject", "TestProject\TestProject.csproj", "{E947F7E8-F7EF-4A06-A6AB-BB0B1C9F705F}"
EndProject
Global
	GlobalSection(SolutionConfigurationPlatforms) = preSolution
		Debug|Any CPU = Debug|Any CPU
		Release|Any CPU = Release|Any CPU
	EndGlobalSection
	GlobalSection(ProjectConfigurationPlatforms) = postSolution
		{FDDC3084-07BA-4D37-8F89-AA78F57262C8}.Debug|Any CPU.ActiveCfg = Debug|Any CPU
		{FDDC3084-07BA-4D37-8F89-AA78F57262C8}.Debug|Any CPU.Build.0 = Debug|Any CPU
		{FDDC3084-07BA-4D37-8F89-AA78F57262C8}.Release|Any CPU.ActiveCfg = Release|Any CPU
		{FDDC3084-07BA-4D37-8F89-AA78F57262C8}.Release|Any CPU.Build.0 = Release|Any CPU
		{C5F0918B-5F11-4D17-8418-3C7D61DEB19B}.Debug|Any CPU.ActiveCfg = Debug|Any CPU
		{C5F0918B-5F11-4D17-8418-3C7D61DEB19B}.Debug|Any CPU.Build.0 = Debug|Any CPU
		{C5F0918B-5F11-4D17-8418-3C7D61DEB19B}.Release|Any CPU.ActiveCfg = Release|Any CPU
		{C5F0918B-5F11-4D17-8418-3C7D61DEB19B}.Release|Any CPU.Build.0 = Release|Any CPU
		{11425033-2261-45DF-854C-B5F28656F26D}.Debug|Any CPU.ActiveCfg = Debug|Any CPU
		{11425033-2261-45DF-854C-B5F28656F26D}.Debug|Any CPU.Build.0 = Debug|Any CPU
		{11425033-2261-45DF-854C-B5F28656F26D}.Release|Any CPU.ActiveCfg = Release|Any CPU
		{11425033-2261-45DF-854C-B5F28656F26D}.Release|Any CPU.Build.0 = Release|Any CPU
		{F79BAB53-2990-4A41-B526-E109A37AADE5}.Debug|Any CPU.ActiveCfg = Debug|Any CPU
		{F79BAB53-2990-4A41-B526-E109A37AADE5}.Debug|Any CPU.Build.0 = Debug|Any CPU
		{F79BAB53-2990-4A41-B526-E109A37AADE5}.Release|Any CPU.ActiveCfg = Release|Any CPU
		{F79BAB53-2990-4A41-B526-E109A37AADE5}.Release|Any CPU.Build.0 = Release|Any CPU
		{E947F7E8-F7EF-4A06-A6AB-BB0B1C9F705F}.Debug|Any CPU.ActiveCfg = Debug|Any CPU
		{E947F7E8-F7EF-4A06-A6AB-BB0B1C9F705F}.Debug|Any CPU.Build.0 = Debug|Any CPU
		{E947F7E8-F7EF-4A06-A6AB-BB0B1C9F705F}.Release|Any CPU.ActiveCfg = Release|Any CPU
		{E947F7E8-F7EF-4A06-A6AB-BB0B1C9F705F}.Release|Any CPU.Build.0 = Release|Any CPU
	EndGlobalSection
	GlobalSection(SolutionProperties) = preSolution
		HideSolutionNode = FALSE
	EndGlobalSection
	GlobalSection(NestedProjects) = preSolution
		{FDDC3084-07BA-4D37-8F89-AA78F57262C8} = {8EBA53F2-5984-4340-930C-90F3E43DA2E5}
		{C5F0918B-5F11-4D17-8418-3C7D61DEB19B} = {8EBA53F2-5984-4340-930C-90F3E43DA2E5}
		{11425033-2261-45DF-854C-B5F28656F26D} = {8EBA53F2-5984-4340-930C-90F3E43DA2E5}
		{F79BAB53-2990-4A41-B526-E109A37AADE5} = {8EBA53F2-5984-4340-930C-90F3E43DA2E5}
		{E947F7E8-F7EF-4A06-A6AB-BB0B1C9F705F} = {10CDFF92-D32D-4ED6-A3C9-05B86DA0223E}
	EndGlobalSection
	GlobalSection(ExtensibilityGlobals) = postSolution
		SolutionGuid = {F3D97427-B116-419A-97BE-6C375CECA2E5}
	EndGlobalSection
EndGlobal
